// !$*UTF8*$!
{
	archiveVersion = 1;
	classes = {
	};
	objectVersion = 55;
	objects = {

/* Begin PBXBuildFile section */
		3F15C5E7280EA3C6007EE075 /* EateryDetail.swift in Sources */ = {isa = PBXBuildFile; fileRef = 3F15C5E6280EA3C6007EE075 /* EateryDetail.swift */; };
		3F15C5E9280EAE0D007EE075 /* RestModel.swift in Sources */ = {isa = PBXBuildFile; fileRef = 3F15C5E8280EAE0D007EE075 /* RestModel.swift */; };
		3F15C5EB280ECD07007EE075 /* EateryDetailCell.swift in Sources */ = {isa = PBXBuildFile; fileRef = 3F15C5EA280ECD07007EE075 /* EateryDetailCell.swift */; };
		3F38F322280D8C36006A9D3E /* AppDelegate.swift in Sources */ = {isa = PBXBuildFile; fileRef = 3F38F321280D8C36006A9D3E /* AppDelegate.swift */; };
		3F38F324280D8C36006A9D3E /* SceneDelegate.swift in Sources */ = {isa = PBXBuildFile; fileRef = 3F38F323280D8C36006A9D3E /* SceneDelegate.swift */; };
		3F38F329280D8C36006A9D3E /* Main.storyboard in Resources */ = {isa = PBXBuildFile; fileRef = 3F38F327280D8C36006A9D3E /* Main.storyboard */; };
		3F38F32B280D8C37006A9D3E /* Assets.xcassets in Resources */ = {isa = PBXBuildFile; fileRef = 3F38F32A280D8C37006A9D3E /* Assets.xcassets */; };
		3F38F32E280D8C37006A9D3E /* LaunchScreen.storyboard in Resources */ = {isa = PBXBuildFile; fileRef = 3F38F32C280D8C37006A9D3E /* LaunchScreen.storyboard */; };
		3F38F336280D9010006A9D3E /* Eateries.swift in Sources */ = {isa = PBXBuildFile; fileRef = 3F38F335280D9010006A9D3E /* Eateries.swift */; };
		3F38F338280D9034006A9D3E /* EateriesCell.swift in Sources */ = {isa = PBXBuildFile; fileRef = 3F38F337280D9034006A9D3E /* EateriesCell.swift */; };
		3FBAE582281014A500C3F30C /* Rate.swift in Sources */ = {isa = PBXBuildFile; fileRef = 3FBAE581281014A500C3F30C /* Rate.swift */; };
/* End PBXBuildFile section */

/* Begin PBXFileReference section */
		3F15C5E6280EA3C6007EE075 /* EateryDetail.swift */ = {isa = PBXFileReference; lastKnownFileType = sourcecode.swift; path = EateryDetail.swift; sourceTree = "<group>"; };
		3F15C5E8280EAE0D007EE075 /* RestModel.swift */ = {isa = PBXFileReference; lastKnownFileType = sourcecode.swift; path = RestModel.swift; sourceTree = "<group>"; };
		3F15C5EA280ECD07007EE075 /* EateryDetailCell.swift */ = {isa = PBXFileReference; lastKnownFileType = sourcecode.swift; path = EateryDetailCell.swift; sourceTree = "<group>"; };
		3F38F31E280D8C36006A9D3E /* EateriesApp.app */ = {isa = PBXFileReference; explicitFileType = wrapper.application; includeInIndex = 0; path = EateriesApp.app; sourceTree = BUILT_PRODUCTS_DIR; };
		3F38F321280D8C36006A9D3E /* AppDelegate.swift */ = {isa = PBXFileReference; lastKnownFileType = sourcecode.swift; path = AppDelegate.swift; sourceTree = "<group>"; };
		3F38F323280D8C36006A9D3E /* SceneDelegate.swift */ = {isa = PBXFileReference; lastKnownFileType = sourcecode.swift; path = SceneDelegate.swift; sourceTree = "<group>"; };
		3F38F328280D8C36006A9D3E /* Base */ = {isa = PBXFileReference; lastKnownFileType = file.storyboard; name = Base; path = Base.lproj/Main.storyboard; sourceTree = "<group>"; };
		3F38F32A280D8C37006A9D3E /* Assets.xcassets */ = {isa = PBXFileReference; lastKnownFileType = folder.assetcatalog; path = Assets.xcassets; sourceTree = "<group>"; };
		3F38F32D280D8C37006A9D3E /* Base */ = {isa = PBXFileReference; lastKnownFileType = file.storyboard; name = Base; path = Base.lproj/LaunchScreen.storyboard; sourceTree = "<group>"; };
		3F38F335280D9010006A9D3E /* Eateries.swift */ = {isa = PBXFileReference; lastKnownFileType = sourcecode.swift; path = Eateries.swift; sourceTree = "<group>"; };
		3F38F337280D9034006A9D3E /* EateriesCell.swift */ = {isa = PBXFileReference; lastKnownFileType = sourcecode.swift; path = EateriesCell.swift; sourceTree = "<group>"; };
		3FBAE581281014A500C3F30C /* Rate.swift */ = {isa = PBXFileReference; lastKnownFileType = sourcecode.swift; path = Rate.swift; sourceTree = "<group>"; };
		3FE21960281183A500702DF4 /* Info.plist */ = {isa = PBXFileReference; lastKnownFileType = text.plist.xml; path = Info.plist; sourceTree = "<group>"; };
/* End PBXFileReference section */

/* Begin PBXFrameworksBuildPhase section */
		3F38F31B280D8C36006A9D3E /* Frameworks */ = {
			isa = PBXFrameworksBuildPhase;
			buildActionMask = 2147483647;
			files = (
			);
			runOnlyForDeploymentPostprocessing = 0;
		};
/* End PBXFrameworksBuildPhase section */

/* Begin PBXGroup section */
		3F15C5EC280ECD87007EE075 /* Detail */ = {
			isa = PBXGroup;
			children = (
				3FE21964281186AA00702DF4 /* View */,
				3FE21965281186B300702DF4 /* Controller */,
			);
			path = Detail;
			sourceTree = "<group>";
		};
		3F15C5EF280EE7C4007EE075 /* Eateries */ = {
			isa = PBXGroup;
			children = (
				3FE219622811861E00702DF4 /* View */,
				3FE219632811868C00702DF4 /* Controller */,
			);
			path = Eateries;
			sourceTree = "<group>";
		};
		3F38F315280D8C36006A9D3E = {
			isa = PBXGroup;
			children = (
				3F38F320280D8C36006A9D3E /* EateriesApp */,
				3F38F31F280D8C36006A9D3E /* Products */,
			);
			sourceTree = "<group>";
		};
		3F38F31F280D8C36006A9D3E /* Products */ = {
			isa = PBXGroup;
			children = (
				3F38F31E280D8C36006A9D3E /* EateriesApp.app */,
			);
			name = Products;
			sourceTree = "<group>";
		};
		3F38F320280D8C36006A9D3E /* EateriesApp */ = {
			isa = PBXGroup;
			children = (
				3FE21961281183BB00702DF4 /* Support */,
				3FC7CA4028115F8400934296 /* Application */,
				3F15C5EF280EE7C4007EE075 /* Eateries */,
				3F15C5EC280ECD87007EE075 /* Detail */,
				3FBAE5802810146D00C3F30C /* Rate */,
			);
			path = EateriesApp;
			sourceTree = "<group>";
		};
		3FBAE5802810146D00C3F30C /* Rate */ = {
			isa = PBXGroup;
			children = (
				3FE219662811884000702DF4 /* Controller */,
			);
			path = Rate;
			sourceTree = "<group>";
		};
		3FC7CA4028115F8400934296 /* Application */ = {
			isa = PBXGroup;
			children = (
				3FC7CA4328115F9400934296 /* Model */,
				3FC7CA4228115F9100934296 /* View */,
				3FC7CA4128115F8B00934296 /* Controller */,
			);
			name = Application;
			sourceTree = "<group>";
		};
		3FC7CA4128115F8B00934296 /* Controller */ = {
			isa = PBXGroup;
			children = (
				3F38F321280D8C36006A9D3E /* AppDelegate.swift */,
				3F38F323280D8C36006A9D3E /* SceneDelegate.swift */,
			);
			name = Controller;
			sourceTree = "<group>";
		};
		3FC7CA4228115F9100934296 /* View */ = {
			isa = PBXGroup;
			children = (
				3F38F327280D8C36006A9D3E /* Main.storyboard */,
				3F38F32C280D8C37006A9D3E /* LaunchScreen.storyboard */,
			);
			name = View;
			sourceTree = "<group>";
		};
		3FC7CA4328115F9400934296 /* Model */ = {
			isa = PBXGroup;
			children = (
				3F15C5E8280EAE0D007EE075 /* RestModel.swift */,
			);
			name = Model;
			sourceTree = "<group>";
		};
		3FE21961281183BB00702DF4 /* Support */ = {
			isa = PBXGroup;
			children = (
				3F38F32A280D8C37006A9D3E /* Assets.xcassets */,
				3FE21960281183A500702DF4 /* Info.plist */,
			);
			name = Support;
			sourceTree = "<group>";
		};
		3FE219622811861E00702DF4 /* View */ = {
			isa = PBXGroup;
			children = (
				3F38F337280D9034006A9D3E /* EateriesCell.swift */,
			);
			path = View;
			sourceTree = "<group>";
		};
		3FE219632811868C00702DF4 /* Controller */ = {
			isa = PBXGroup;
			children = (
				3F38F335280D9010006A9D3E /* Eateries.swift */,
			);
			path = Controller;
			sourceTree = "<group>";
		};
		3FE21964281186AA00702DF4 /* View */ = {
			isa = PBXGroup;
			children = (
				3F15C5EA280ECD07007EE075 /* EateryDetailCell.swift */,
			);
			path = View;
			sourceTree = "<group>";
		};
		3FE21965281186B300702DF4 /* Controller */ = {
			isa = PBXGroup;
			children = (
				3F15C5E6280EA3C6007EE075 /* EateryDetail.swift */,
			);
			path = Controller;
			sourceTree = "<group>";
		};
		3FE219662811884000702DF4 /* Controller */ = {
			isa = PBXGroup;
			children = (
				3FBAE581281014A500C3F30C /* Rate.swift */,
			);
			path = Controller;
			sourceTree = "<group>";
		};
/* End PBXGroup section */

/* Begin PBXNativeTarget section */
		3F38F31D280D8C36006A9D3E /* EateriesApp */ = {
			isa = PBXNativeTarget;
			buildConfigurationList = 3F38F332280D8C37006A9D3E /* Build configuration list for PBXNativeTarget "EateriesApp" */;
			buildPhases = (
				3F38F31A280D8C36006A9D3E /* Sources */,
				3F38F31B280D8C36006A9D3E /* Frameworks */,
				3F38F31C280D8C36006A9D3E /* Resources */,
			);
			buildRules = (
			);
			dependencies = (
			);
			name = EateriesApp;
			productName = EateriesApp;
			productReference = 3F38F31E280D8C36006A9D3E /* EateriesApp.app */;
			productType = "com.apple.product-type.application";
		};
/* End PBXNativeTarget section */

/* Begin PBXProject section */
		3F38F316280D8C36006A9D3E /* Project object */ = {
			isa = PBXProject;
			attributes = {
				BuildIndependentTargetsInParallel = 1;
				LastSwiftUpdateCheck = 1310;
				LastUpgradeCheck = 1310;
				TargetAttributes = {
					3F38F31D280D8C36006A9D3E = {
						CreatedOnToolsVersion = 13.1;
					};
				};
			};
			buildConfigurationList = 3F38F319280D8C36006A9D3E /* Build configuration list for PBXProject "EateriesApp" */;
			compatibilityVersion = "Xcode 13.0";
			developmentRegion = en;
			hasScannedForEncodings = 0;
			knownRegions = (
				en,
				Base,
			);
			mainGroup = 3F38F315280D8C36006A9D3E;
			productRefGroup = 3F38F31F280D8C36006A9D3E /* Products */;
			projectDirPath = "";
			projectRoot = "";
			targets = (
				3F38F31D280D8C36006A9D3E /* EateriesApp */,
			);
		};
/* End PBXProject section */

/* Begin PBXResourcesBuildPhase section */
		3F38F31C280D8C36006A9D3E /* Resources */ = {
			isa = PBXResourcesBuildPhase;
			buildActionMask = 2147483647;
			files = (
				3F38F32E280D8C37006A9D3E /* LaunchScreen.storyboard in Resources */,
				3F38F32B280D8C37006A9D3E /* Assets.xcassets in Resources */,
				3F38F329280D8C36006A9D3E /* Main.storyboard in Resources */,
			);
			runOnlyForDeploymentPostprocessing = 0;
		};
/* End PBXResourcesBuildPhase section */

/* Begin PBXSourcesBuildPhase section */
		3F38F31A280D8C36006A9D3E /* Sources */ = {
			isa = PBXSourcesBuildPhase;
			buildActionMask = 2147483647;
			files = (
				3F15C5EB280ECD07007EE075 /* EateryDetailCell.swift in Sources */,
				3F38F322280D8C36006A9D3E /* AppDelegate.swift in Sources */,
				3F15C5E7280EA3C6007EE075 /* EateryDetail.swift in Sources */,
				3F15C5E9280EAE0D007EE075 /* RestModel.swift in Sources */,
				3F38F336280D9010006A9D3E /* Eateries.swift in Sources */,
				3F38F324280D8C36006A9D3E /* SceneDelegate.swift in Sources */,
				3FBAE582281014A500C3F30C /* Rate.swift in Sources */,
				3F38F338280D9034006A9D3E /* EateriesCell.swift in Sources */,
			);
			runOnlyForDeploymentPostprocessing = 0;
		};
/* End PBXSourcesBuildPhase section */

/* Begin PBXVariantGroup section */
		3F38F327280D8C36006A9D3E /* Main.storyboard */ = {
			isa = PBXVariantGroup;
			children = (
				3F38F328280D8C36006A9D3E /* Base */,
			);
			name = Main.storyboard;
			sourceTree = "<group>";
		};
		3F38F32C280D8C37006A9D3E /* LaunchScreen.storyboard */ = {
			isa = PBXVariantGroup;
			children = (
				3F38F32D280D8C37006A9D3E /* Base */,
			);
			name = LaunchScreen.storyboard;
			sourceTree = "<group>";
		};
/* End PBXVariantGroup section */

/* Begin XCBuildConfiguration section */
		3F38F330280D8C37006A9D3E /* Debug */ = {
			isa = XCBuildConfiguration;
			buildSettings = {
				ALWAYS_SEARCH_USER_PATHS = NO;
				CLANG_ANALYZER_NONNULL = YES;
				CLANG_ANALYZER_NUMBER_OBJECT_CONVERSION = YES_AGGRESSIVE;
				CLANG_CXX_LANGUAGE_STANDARD = "gnu++17";
				CLANG_CXX_LIBRARY = "libc++";
				CLANG_ENABLE_MODULES = YES;
				CLANG_ENABLE_OBJC_ARC = YES;
				CLANG_ENABLE_OBJC_WEAK = YES;
				CLANG_WARN_BLOCK_CAPTURE_AUTORELEASING = YES;
				CLANG_WARN_BOOL_CONVERSION = YES;
				CLANG_WARN_COMMA = YES;
				CLANG_WARN_CONSTANT_CONVERSION = YES;
				CLANG_WARN_DEPRECATED_OBJC_IMPLEMENTATIONS = YES;
				CLANG_WARN_DIRECT_OBJC_ISA_USAGE = YES_ERROR;
				CLANG_WARN_DOCUMENTATION_COMMENTS = YES;
				CLANG_WARN_EMPTY_BODY = YES;
				CLANG_WARN_ENUM_CONVERSION = YES;
				CLANG_WARN_INFINITE_RECURSION = YES;
				CLANG_WARN_INT_CONVERSION = YES;
				CLANG_WARN_NON_LITERAL_NULL_CONVERSION = YES;
				CLANG_WARN_OBJC_IMPLICIT_RETAIN_SELF = YES;
				CLANG_WARN_OBJC_LITERAL_CONVERSION = YES;
				CLANG_WARN_OBJC_ROOT_CLASS = YES_ERROR;
				CLANG_WARN_QUOTED_INCLUDE_IN_FRAMEWORK_HEADER = YES;
				CLANG_WARN_RANGE_LOOP_ANALYSIS = YES;
				CLANG_WARN_STRICT_PROTOTYPES = YES;
				CLANG_WARN_SUSPICIOUS_MOVE = YES;
				CLANG_WARN_UNGUARDED_AVAILABILITY = YES_AGGRESSIVE;
				CLANG_WARN_UNREACHABLE_CODE = YES;
				CLANG_WARN__DUPLICATE_METHOD_MATCH = YES;
				COPY_PHASE_STRIP = NO;
				DEBUG_INFORMATION_FORMAT = dwarf;
				ENABLE_STRICT_OBJC_MSGSEND = YES;
				ENABLE_TESTABILITY = YES;
				GCC_C_LANGUAGE_STANDARD = gnu11;
				GCC_DYNAMIC_NO_PIC = NO;
				GCC_NO_COMMON_BLOCKS = YES;
				GCC_OPTIMIZATION_LEVEL = 0;
				GCC_PREPROCESSOR_DEFINITIONS = (
					"DEBUG=1",
					"$(inherited)",
				);
				GCC_WARN_64_TO_32_BIT_CONVERSION = YES;
				GCC_WARN_ABOUT_RETURN_TYPE = YES_ERROR;
				GCC_WARN_UNDECLARED_SELECTOR = YES;
				GCC_WARN_UNINITIALIZED_AUTOS = YES_AGGRESSIVE;
				GCC_WARN_UNUSED_FUNCTION = YES;
				GCC_WARN_UNUSED_VARIABLE = YES;
				IPHONEOS_DEPLOYMENT_TARGET = 15.0;
				MTL_ENABLE_DEBUG_INFO = INCLUDE_SOURCE;
				MTL_FAST_MATH = YES;
				ONLY_ACTIVE_ARCH = YES;
				SDKROOT = iphoneos;
				SWIFT_ACTIVE_COMPILATION_CONDITIONS = DEBUG;
				SWIFT_OPTIMIZATION_LEVEL = "-Onone";
			};
			name = Debug;
		};
		3F38F331280D8C37006A9D3E /* Release */ = {
			isa = XCBuildConfiguration;
			buildSettings = {
				ALWAYS_SEARCH_USER_PATHS = NO;
				CLANG_ANALYZER_NONNULL = YES;
				CLANG_ANALYZER_NUMBER_OBJECT_CONVERSION = YES_AGGRESSIVE;
				CLANG_CXX_LANGUAGE_STANDARD = "gnu++17";
				CLANG_CXX_LIBRARY = "libc++";
				CLANG_ENABLE_MODULES = YES;
				CLANG_ENABLE_OBJC_ARC = YES;
				CLANG_ENABLE_OBJC_WEAK = YES;
				CLANG_WARN_BLOCK_CAPTURE_AUTORELEASING = YES;
				CLANG_WARN_BOOL_CONVERSION = YES;
				CLANG_WARN_COMMA = YES;
				CLANG_WARN_CONSTANT_CONVERSION = YES;
				CLANG_WARN_DEPRECATED_OBJC_IMPLEMENTATIONS = YES;
				CLANG_WARN_DIRECT_OBJC_ISA_USAGE = YES_ERROR;
				CLANG_WARN_DOCUMENTATION_COMMENTS = YES;
				CLANG_WARN_EMPTY_BODY = YES;
				CLANG_WARN_ENUM_CONVERSION = YES;
				CLANG_WARN_INFINITE_RECURSION = YES;
				CLANG_WARN_INT_CONVERSION = YES;
				CLANG_WARN_NON_LITERAL_NULL_CONVERSION = YES;
				CLANG_WARN_OBJC_IMPLICIT_RETAIN_SELF = YES;
				CLANG_WARN_OBJC_LITERAL_CONVERSION = YES;
				CLANG_WARN_OBJC_ROOT_CLASS = YES_ERROR;
				CLANG_WARN_QUOTED_INCLUDE_IN_FRAMEWORK_HEADER = YES;
				CLANG_WARN_RANGE_LOOP_ANALYSIS = YES;
				CLANG_WARN_STRICT_PROTOTYPES = YES;
				CLANG_WARN_SUSPICIOUS_MOVE = YES;
				CLANG_WARN_UNGUARDED_AVAILABILITY = YES_AGGRESSIVE;
				CLANG_WARN_UNREACHABLE_CODE = YES;
				CLANG_WARN__DUPLICATE_METHOD_MATCH = YES;
				COPY_PHASE_STRIP = NO;
				DEBUG_INFORMATION_FORMAT = "dwarf-with-dsym";
				ENABLE_NS_ASSERTIONS = NO;
				ENABLE_STRICT_OBJC_MSGSEND = YES;
				GCC_C_LANGUAGE_STANDARD = gnu11;
				GCC_NO_COMMON_BLOCKS = YES;
				GCC_WARN_64_TO_32_BIT_CONVERSION = YES;
				GCC_WARN_ABOUT_RETURN_TYPE = YES_ERROR;
				GCC_WARN_UNDECLARED_SELECTOR = YES;
				GCC_WARN_UNINITIALIZED_AUTOS = YES_AGGRESSIVE;
				GCC_WARN_UNUSED_FUNCTION = YES;
				GCC_WARN_UNUSED_VARIABLE = YES;
				IPHONEOS_DEPLOYMENT_TARGET = 15.0;
				MTL_ENABLE_DEBUG_INFO = NO;
				MTL_FAST_MATH = YES;
				SDKROOT = iphoneos;
				SWIFT_COMPILATION_MODE = wholemodule;
				SWIFT_OPTIMIZATION_LEVEL = "-O";
				VALIDATE_PRODUCT = YES;
			};
			name = Release;
		};
		3F38F333280D8C37006A9D3E /* Debug */ = {
			isa = XCBuildConfiguration;
			buildSettings = {
				ASSETCATALOG_COMPILER_APPICON_NAME = AppIcon;
				ASSETCATALOG_COMPILER_GLOBAL_ACCENT_COLOR_NAME = AccentColor;
				ASSETCATALOG_COMPILER_INCLUDE_ALL_APPICON_ASSETS = NO;
				CODE_SIGN_STYLE = Automatic;
				CURRENT_PROJECT_VERSION = 1;
				GENERATE_INFOPLIST_FILE = YES;
				INFOPLIST_FILE = EateriesApp/Info.plist;
				INFOPLIST_KEY_NSMainNibFile = Main;
				INFOPLIST_KEY_UIApplicationSupportsIndirectInputEvents = YES;
				INFOPLIST_KEY_UILaunchStoryboardName = LaunchScreen;
				INFOPLIST_KEY_UISupportedInterfaceOrientations_iPad = "UIInterfaceOrientationPortrait UIInterfaceOrientationPortraitUpsideDown UIInterfaceOrientationLandscapeLeft UIInterfaceOrientationLandscapeRight";
				INFOPLIST_KEY_UISupportedInterfaceOrientations_iPhone = "UIInterfaceOrientationPortrait UIInterfaceOrientationLandscapeLeft UIInterfaceOrientationLandscapeRight";
				LD_RUNPATH_SEARCH_PATHS = (
					"$(inherited)",
					"@executable_path/Frameworks",
				);
				MARKETING_VERSION = 1.0;
				PRODUCT_BUNDLE_IDENTIFIER = "Muntianu-Anastasiia.EateriesApp";
				PRODUCT_NAME = "$(TARGET_NAME)";
				SWIFT_EMIT_LOC_STRINGS = YES;
				SWIFT_VERSION = 5.0;
				TARGETED_DEVICE_FAMILY = "1,2";
			};
			name = Debug;
		};
		3F38F334280D8C37006A9D3E /* Release */ = {
			isa = XCBuildConfiguration;
			buildSettings = {
				ASSETCATALOG_COMPILER_APPICON_NAME = AppIcon;
				ASSETCATALOG_COMPILER_GLOBAL_ACCENT_COLOR_NAME = AccentColor;
				ASSETCATALOG_COMPILER_INCLUDE_ALL_APPICON_ASSETS = NO;
				CODE_SIGN_STYLE = Automatic;
				CURRENT_PROJECT_VERSION = 1;
				GENERATE_INFOPLIST_FILE = YES;
				INFOPLIST_FILE = EateriesApp/Info.plist;
				INFOPLIST_KEY_NSMainNibFile = Main;
				INFOPLIST_KEY_UIApplicationSupportsIndirectInputEvents = YES;
				INFOPLIST_KEY_UILaunchStoryboardName = LaunchScreen;
				INFOPLIST_KEY_UISupportedInterfaceOrientations_iPad = "UIInterfaceOrientationPortrait UIInterfaceOrientationPortraitUpsideDown UIInterfaceOrientationLandscapeLeft UIInterfaceOrientationLandscapeRight";
				INFOPLIST_KEY_UISupportedInterfaceOrientations_iPhone = "UIInterfaceOrientationPortrait UIInterfaceOrientationLandscapeLeft UIInterfaceOrientationLandscapeRight";
				LD_RUNPATH_SEARCH_PATHS = (
					"$(inherited)",
					"@executable_path/Frameworks",
				);
				MARKETING_VERSION = 1.0;
				PRODUCT_BUNDLE_IDENTIFIER = "Muntianu-Anastasiia.EateriesApp";
				PRODUCT_NAME = "$(TARGET_NAME)";
				SWIFT_EMIT_LOC_STRINGS = YES;
				SWIFT_VERSION = 5.0;
				TARGETED_DEVICE_FAMILY = "1,2";
			};
			name = Release;
		};
/* End XCBuildConfiguration section */

/* Begin XCConfigurationList section */
		3F38F319280D8C36006A9D3E /* Build configuration list for PBXProject "EateriesApp" */ = {
			isa = XCConfigurationList;
			buildConfigurations = (
				3F38F330280D8C37006A9D3E /* Debug */,
				3F38F331280D8C37006A9D3E /* Release */,
			);
			defaultConfigurationIsVisible = 0;
			defaultConfigurationName = Release;
		};
		3F38F332280D8C37006A9D3E /* Build configuration list for PBXNativeTarget "EateriesApp" */ = {
			isa = XCConfigurationList;
			buildConfigurations = (
				3F38F333280D8C37006A9D3E /* Debug */,
				3F38F334280D8C37006A9D3E /* Release */,
			);
			defaultConfigurationIsVisible = 0;
			defaultConfigurationName = Release;
		};
/* End XCConfigurationList section */
	};
	rootObject = 3F38F316280D8C36006A9D3E /* Project object */;
}
